
Microsoft Visual Studio Solution File, Format Version 12.00
# Visual Studio Version 17
VisualStudioVersion = 17.1.32319.34
MinimumVisualStudioVersion = 10.0.40219.1
Project("{FAE04EC0-301F-11D3-BF4B-00C04F79EFBC}") = "Data", "Dane\Data.csproj", "{45FB7CA8-8E24-4494-B234-4932DFE22808}"
EndProject
Project("{FAE04EC0-301F-11D3-BF4B-00C04F79EFBC}") = "Logic", "Logic\Logic.csproj", "{AACD8208-250E-49DA-8386-B9AF7AF27696}"
EndProject
Project("{2150E333-8FDC-42A3-9474-1A3956D46DE8}") = "Presentation", "Presentation", "{6B4C8900-EA26-4776-A0EE-EB53035796C0}"
EndProject
Project("{FAE04EC0-301F-11D3-BF4B-00C04F79EFBC}") = "Model", "Model\Model.csproj", "{4ED2B6C4-55D6-46FE-B8A5-FD6867490100}"
EndProject
Project("{FAE04EC0-301F-11D3-BF4B-00C04F79EFBC}") = "ViewModel", "ViewModel\ViewModel.csproj", "{9AE482EA-E54C-46D0-BBFC-7809CF3E4350}"
EndProject
Project("{FAE04EC0-301F-11D3-BF4B-00C04F79EFBC}") = "View", "View\View.csproj", "{65553423-DCB1-47CD-8966-49D9193AFA31}"
EndProject
Global
	GlobalSection(SolutionConfigurationPlatforms) = preSolution
		Debug|Any CPU = Debug|Any CPU
		Release|Any CPU = Release|Any CPU
	EndGlobalSection
	GlobalSection(ProjectConfigurationPlatforms) = postSolution
		{45FB7CA8-8E24-4494-B234-4932DFE22808}.Debug|Any CPU.ActiveCfg = Debug|Any CPU
		{45FB7CA8-8E24-4494-B234-4932DFE22808}.Debug|Any CPU.Build.0 = Debug|Any CPU
		{45FB7CA8-8E24-4494-B234-4932DFE22808}.Release|Any CPU.ActiveCfg = Release|Any CPU
		{45FB7CA8-8E24-4494-B234-4932DFE22808}.Release|Any CPU.Build.0 = Release|Any CPU
		{AACD8208-250E-49DA-8386-B9AF7AF27696}.Debug|Any CPU.ActiveCfg = Debug|Any CPU
		{AACD8208-250E-49DA-8386-B9AF7AF27696}.Debug|Any CPU.Build.0 = Debug|Any CPU
		{AACD8208-250E-49DA-8386-B9AF7AF27696}.Release|Any CPU.ActiveCfg = Release|Any CPU
		{AACD8208-250E-49DA-8386-B9AF7AF27696}.Release|Any CPU.Build.0 = Release|Any CPU
		{4ED2B6C4-55D6-46FE-B8A5-FD6867490100}.Debug|Any CPU.ActiveCfg = Debug|Any CPU
		{4ED2B6C4-55D6-46FE-B8A5-FD6867490100}.Debug|Any CPU.Build.0 = Debug|Any CPU
		{4ED2B6C4-55D6-46FE-B8A5-FD6867490100}.Release|Any CPU.ActiveCfg = Release|Any CPU
		{4ED2B6C4-55D6-46FE-B8A5-FD6867490100}.Release|Any CPU.Build.0 = Release|Any CPU
		{9AE482EA-E54C-46D0-BBFC-7809CF3E4350}.Debug|Any CPU.ActiveCfg = Debug|Any CPU
		{9AE482EA-E54C-46D0-BBFC-7809CF3E4350}.Debug|Any CPU.Build.0 = Debug|Any CPU
		{9AE482EA-E54C-46D0-BBFC-7809CF3E4350}.Release|Any CPU.ActiveCfg = Release|Any CPU
		{9AE482EA-E54C-46D0-BBFC-7809CF3E4350}.Release|Any CPU.Build.0 = Release|Any CPU
		{65553423-DCB1-47CD-8966-49D9193AFA31}.Debug|Any CPU.ActiveCfg = Debug|Any CPU
		{65553423-DCB1-47CD-8966-49D9193AFA31}.Debug|Any CPU.Build.0 = Debug|Any CPU
		{65553423-DCB1-47CD-8966-49D9193AFA31}.Release|Any CPU.ActiveCfg = Release|Any CPU
		{65553423-DCB1-47CD-8966-49D9193AFA31}.Release|Any CPU.Build.0 = Release|Any CPU
	EndGlobalSection
	GlobalSection(SolutionProperties) = preSolution
		HideSolutionNode = FALSE
	EndGlobalSection
	GlobalSection(NestedProjects) = preSolution
		{4ED2B6C4-55D6-46FE-B8A5-FD6867490100} = {6B4C8900-EA26-4776-A0EE-EB53035796C0}
		{9AE482EA-E54C-46D0-BBFC-7809CF3E4350} = {6B4C8900-EA26-4776-A0EE-EB53035796C0}
		{65553423-DCB1-47CD-8966-49D9193AFA31} = {6B4C8900-EA26-4776-A0EE-EB53035796C0}
	EndGlobalSection
	GlobalSection(ExtensibilityGlobals) = postSolution
		SolutionGuid = {A9F2A768-FAA7-41F8-AA3F-C55AF261ACF5}
	EndGlobalSection
EndGlobal
