
Microsoft Visual Studio Solution File, Format Version 12.00
# Visual Studio Version 17
VisualStudioVersion = 17.1.32319.34
MinimumVisualStudioVersion = 10.0.40219.1
Project("{2150E333-8FDC-42A3-9474-1A3956D46DE8}") = "Presentation", "Presentation", "{E945B5AF-E182-4292-B9BF-783DE255F478}"
EndProject
Project("{9A19103F-16F7-4668-BE54-9A1E7A4F7556}") = "Data", "Data\Data.csproj", "{BEF9B726-CCC9-4624-A31A-AA2637C70B07}"
EndProject
Project("{9A19103F-16F7-4668-BE54-9A1E7A4F7556}") = "Logic", "Logic\Logic.csproj", "{95B3D0B3-9FD9-4AFE-8329-44FD1F67555A}"
EndProject
Project("{9A19103F-16F7-4668-BE54-9A1E7A4F7556}") = "Model", "Model\Model.csproj", "{84A8FFF2-EF7B-4A1E-A263-AF3B335A038C}"
EndProject
Project("{9A19103F-16F7-4668-BE54-9A1E7A4F7556}") = "ModelView", "ModelView\ModelView.csproj", "{46607764-6272-445C-BC5B-AF348E72DC7E}"
EndProject
Project("{9A19103F-16F7-4668-BE54-9A1E7A4F7556}") = "View", "View\View.csproj", "{A977C235-3778-4262-BC9B-F75C533578FF}"
EndProject
Project("{9A19103F-16F7-4668-BE54-9A1E7A4F7556}") = "TestProject", "TestProject\TestProject.csproj", "{2B934FD5-916D-4257-9D7C-11FF7BEC7899}"
EndProject
Project("{FAE04EC0-301F-11D3-BF4B-00C04F79EFBC}") = "DataTest", "DataTest\DataTest.csproj", "{E759EF29-2722-4167-A2A6-CD6AA1DD1569}"
EndProject
Global
	GlobalSection(SolutionConfigurationPlatforms) = preSolution
		Debug|Any CPU = Debug|Any CPU
		Release|Any CPU = Release|Any CPU
	EndGlobalSection
	GlobalSection(ProjectConfigurationPlatforms) = postSolution
		{BEF9B726-CCC9-4624-A31A-AA2637C70B07}.Debug|Any CPU.ActiveCfg = Debug|Any CPU
		{BEF9B726-CCC9-4624-A31A-AA2637C70B07}.Debug|Any CPU.Build.0 = Debug|Any CPU
		{BEF9B726-CCC9-4624-A31A-AA2637C70B07}.Release|Any CPU.ActiveCfg = Release|Any CPU
		{BEF9B726-CCC9-4624-A31A-AA2637C70B07}.Release|Any CPU.Build.0 = Release|Any CPU
		{95B3D0B3-9FD9-4AFE-8329-44FD1F67555A}.Debug|Any CPU.ActiveCfg = Debug|Any CPU
		{95B3D0B3-9FD9-4AFE-8329-44FD1F67555A}.Debug|Any CPU.Build.0 = Debug|Any CPU
		{95B3D0B3-9FD9-4AFE-8329-44FD1F67555A}.Release|Any CPU.ActiveCfg = Release|Any CPU
		{95B3D0B3-9FD9-4AFE-8329-44FD1F67555A}.Release|Any CPU.Build.0 = Release|Any CPU
		{84A8FFF2-EF7B-4A1E-A263-AF3B335A038C}.Debug|Any CPU.ActiveCfg = Debug|Any CPU
		{84A8FFF2-EF7B-4A1E-A263-AF3B335A038C}.Debug|Any CPU.Build.0 = Debug|Any CPU
		{84A8FFF2-EF7B-4A1E-A263-AF3B335A038C}.Release|Any CPU.ActiveCfg = Release|Any CPU
		{84A8FFF2-EF7B-4A1E-A263-AF3B335A038C}.Release|Any CPU.Build.0 = Release|Any CPU
		{46607764-6272-445C-BC5B-AF348E72DC7E}.Debug|Any CPU.ActiveCfg = Debug|Any CPU
		{46607764-6272-445C-BC5B-AF348E72DC7E}.Debug|Any CPU.Build.0 = Debug|Any CPU
		{46607764-6272-445C-BC5B-AF348E72DC7E}.Release|Any CPU.ActiveCfg = Release|Any CPU
		{46607764-6272-445C-BC5B-AF348E72DC7E}.Release|Any CPU.Build.0 = Release|Any CPU
		{A977C235-3778-4262-BC9B-F75C533578FF}.Debug|Any CPU.ActiveCfg = Debug|Any CPU
		{A977C235-3778-4262-BC9B-F75C533578FF}.Debug|Any CPU.Build.0 = Debug|Any CPU
		{A977C235-3778-4262-BC9B-F75C533578FF}.Release|Any CPU.ActiveCfg = Release|Any CPU
		{A977C235-3778-4262-BC9B-F75C533578FF}.Release|Any CPU.Build.0 = Release|Any CPU
		{2B934FD5-916D-4257-9D7C-11FF7BEC7899}.Debug|Any CPU.ActiveCfg = Debug|Any CPU
		{2B934FD5-916D-4257-9D7C-11FF7BEC7899}.Debug|Any CPU.Build.0 = Debug|Any CPU
		{2B934FD5-916D-4257-9D7C-11FF7BEC7899}.Release|Any CPU.ActiveCfg = Release|Any CPU
		{2B934FD5-916D-4257-9D7C-11FF7BEC7899}.Release|Any CPU.Build.0 = Release|Any CPU
		{E759EF29-2722-4167-A2A6-CD6AA1DD1569}.Debug|Any CPU.ActiveCfg = Debug|Any CPU
		{E759EF29-2722-4167-A2A6-CD6AA1DD1569}.Debug|Any CPU.Build.0 = Debug|Any CPU
		{E759EF29-2722-4167-A2A6-CD6AA1DD1569}.Release|Any CPU.ActiveCfg = Release|Any CPU
		{E759EF29-2722-4167-A2A6-CD6AA1DD1569}.Release|Any CPU.Build.0 = Release|Any CPU
	EndGlobalSection
	GlobalSection(SolutionProperties) = preSolution
		HideSolutionNode = FALSE
	EndGlobalSection
	GlobalSection(NestedProjects) = preSolution
		{84A8FFF2-EF7B-4A1E-A263-AF3B335A038C} = {E945B5AF-E182-4292-B9BF-783DE255F478}
		{46607764-6272-445C-BC5B-AF348E72DC7E} = {E945B5AF-E182-4292-B9BF-783DE255F478}
		{A977C235-3778-4262-BC9B-F75C533578FF} = {E945B5AF-E182-4292-B9BF-783DE255F478}
	EndGlobalSection
	GlobalSection(ExtensibilityGlobals) = postSolution
		SolutionGuid = {4A38A9F6-049F-4FF3-BB7E-FF609FC3BF34}
	EndGlobalSection
EndGlobal
